
Microsoft Visual Studio Solution File, Format Version 12.00
# Visual Studio Version 17
VisualStudioVersion = 17.14.36915.13 d17.14
MinimumVisualStudioVersion = 10.0.40219.1
Project("{FAE04EC0-301F-11D3-BF4B-00C04F79EFBC}") = "GameboardApp", "GameboardApp.csproj", "{39EDBCE3-47AB-4C01-841F-1AA96224366C}"
EndProject
Global
	GlobalSection(SolutionConfigurationPlatforms) = preSolution
		Debug|Any CPU = Debug|Any CPU
		Release|Any CPU = Release|Any CPU
	EndGlobalSection
	GlobalSection(ProjectConfigurationPlatforms) = postSolution
		{39EDBCE3-47AB-4C01-841F-1AA96224366C}.Debug|Any CPU.ActiveCfg = Debug|Any CPU
		{39EDBCE3-47AB-4C01-841F-1AA96224366C}.Debug|Any CPU.Build.0 = Debug|Any CPU
		{39EDBCE3-47AB-4C01-841F-1AA96224366C}.Release|Any CPU.ActiveCfg = Release|Any CPU
		{39EDBCE3-47AB-4C01-841F-1AA96224366C}.Release|Any CPU.Build.0 = Release|Any CPU
	EndGlobalSection
	GlobalSection(SolutionProperties) = preSolution
		HideSolutionNode = FALSE
	EndGlobalSection
	GlobalSection(ExtensibilityGlobals) = postSolution
		SolutionGuid = {4E402C6C-4104-4037-9EDD-E5A35D42F579}
	EndGlobalSection
EndGlobal
